
Microsoft Visual Studio Solution File, Format Version 12.00
# Visual Studio 2010
Project("{FAE04EC0-301F-11D3-BF4B-00C04F79EFBC}") = "RobotFootballUI", "RobotFootballUI\RobotFootballUI.csproj", "{2AE517A1-5D2B-4D04-9F91-C6B8C2867E1D}"
EndProject
Project("{FAE04EC0-301F-11D3-BF4B-00C04F79EFBC}") = "RobotFootballCore", "RobotFootballCore\RobotFootballCore.csproj", "{70573F0B-3D2E-43ED-8D57-248F9C968101}"
EndProject
Project("{FAE04EC0-301F-11D3-BF4B-00C04F79EFBC}") = "RouteFinders", "AStarRouteFinder\RouteFinders.csproj", "{3653DC44-E03A-4598-9865-279C2A5042CE}"
EndProject
Project("{8BC9CEB8-8B4A-11D0-8D11-00A0C91BC942}") = "NativeRouteFinders", "NativeRouteFinders\NativeRouteFinders.vcxproj", "{452F5EA7-AB03-4BA6-BE33-924132271B1E}"
EndProject
Project("{FAE04EC0-301F-11D3-BF4B-00C04F79EFBC}") = "TestBench", "TestBench\TestBench.csproj", "{A86BF8AB-DAD7-41B4-B6DA-289C3A497803}"
EndProject
Project("{2150E333-8FDC-42A3-9474-1A3956D46DE8}") = "Solution Items", "Solution Items", "{3C6726CA-76BF-497E-B79A-97F9D415982C}"
	ProjectSection(SolutionItems) = preProject
		DeployStrategy.bat = DeployStrategy.bat
		..\..\Doxyfile = ..\..\Doxyfile
		..\..\doxywarn.log = ..\..\doxywarn.log
		Performance1.psess = Performance1.psess
		Performance2.psess = Performance2.psess
	EndProjectSection
EndProject
Project("{8BC9CEB8-8B4A-11D0-8D11-00A0C91BC942}") = "NativeTestBed", "NativeTestBed\NativeTestBed.vcxproj", "{0E85B67A-6821-4661-8120-277AACA34487}"
EndProject
Project("{8BC9CEB8-8B4A-11D0-8D11-00A0C91BC942}") = "MotionPrediction", "MotionPrediction\MotionPrediction.vcxproj", "{E6053A38-A4DB-4D14-8075-490B1B1813FE}"
EndProject
Project("{8BC9CEB8-8B4A-11D0-8D11-00A0C91BC942}") = "HoldStillStrategy", "HoldStillStrategy\HoldStillStrategy.vcxproj", "{E7F8EC5F-C965-4C8D-8D56-C945F7D49E58}"
EndProject
Project("{2150E333-8FDC-42A3-9474-1A3956D46DE8}") = "Strategies", "Strategies", "{F080245A-9809-436C-BFBE-07D8E6AA555D}"
EndProject
Project("{8BC9CEB8-8B4A-11D0-8D11-00A0C91BC942}") = "PhysicsStrategy", "PhysicsStrategy\PhysicsStrategy.vcxproj", "{3DE7D485-61C6-4ED4-8749-858B810F7DDD}"
EndProject
Project("{FAE04EC0-301F-11D3-BF4B-00C04F79EFBC}") = "DataDumpProcessor", "DataDumpProcessor\DataDumpProcessor.csproj", "{D5F77C19-E9C4-4AE1-A972-BF20770328EB}"
EndProject
Project("{8BC9CEB8-8B4A-11D0-8D11-00A0C91BC942}") = "SquareStrategy", "SquareStrategy\SquareStrategy.vcxproj", "{67533B04-9C21-477E-A080-6CB71E4DD721}"
EndProject
Project("{8BC9CEB8-8B4A-11D0-8D11-00A0C91BC942}") = "StrategyTestBench", "StrategyTestBench\StrategyTestBench.vcxproj", "{2ABE6A5C-4B8A-4F57-AC3F-9DADC4B18B2B}"
EndProject
Project("{8BC9CEB8-8B4A-11D0-8D11-00A0C91BC942}") = "InterceptStrategy", "InterceptStrategy\InterceptStrategy.vcxproj", "{75EED251-B3D9-42EB-B07D-8A2E240D5CB1}"
EndProject
Global
	GlobalSection(SolutionConfigurationPlatforms) = preSolution
		Debug|Any CPU = Debug|Any CPU
		Debug|Mixed Platforms = Debug|Mixed Platforms
		Debug|Win32 = Debug|Win32
		Debug|x86 = Debug|x86
		Release|Any CPU = Release|Any CPU
		Release|Mixed Platforms = Release|Mixed Platforms
		Release|Win32 = Release|Win32
		Release|x86 = Release|x86
		TestBench|Any CPU = TestBench|Any CPU
		TestBench|Mixed Platforms = TestBench|Mixed Platforms
		TestBench|Win32 = TestBench|Win32
		TestBench|x86 = TestBench|x86
	EndGlobalSection
	GlobalSection(ProjectConfigurationPlatforms) = postSolution
		{2AE517A1-5D2B-4D04-9F91-C6B8C2867E1D}.Debug|Any CPU.ActiveCfg = Debug|x86
		{2AE517A1-5D2B-4D04-9F91-C6B8C2867E1D}.Debug|Mixed Platforms.ActiveCfg = Debug|x86
		{2AE517A1-5D2B-4D04-9F91-C6B8C2867E1D}.Debug|Mixed Platforms.Build.0 = Debug|x86
		{2AE517A1-5D2B-4D04-9F91-C6B8C2867E1D}.Debug|Win32.ActiveCfg = Debug|x86
		{2AE517A1-5D2B-4D04-9F91-C6B8C2867E1D}.Debug|x86.ActiveCfg = Debug|x86
		{2AE517A1-5D2B-4D04-9F91-C6B8C2867E1D}.Debug|x86.Build.0 = Debug|x86
		{2AE517A1-5D2B-4D04-9F91-C6B8C2867E1D}.Release|Any CPU.ActiveCfg = Release|x86
		{2AE517A1-5D2B-4D04-9F91-C6B8C2867E1D}.Release|Mixed Platforms.ActiveCfg = Release|x86
		{2AE517A1-5D2B-4D04-9F91-C6B8C2867E1D}.Release|Mixed Platforms.Build.0 = Release|x86
		{2AE517A1-5D2B-4D04-9F91-C6B8C2867E1D}.Release|Win32.ActiveCfg = Release|x86
		{2AE517A1-5D2B-4D04-9F91-C6B8C2867E1D}.Release|x86.ActiveCfg = Release|x86
		{2AE517A1-5D2B-4D04-9F91-C6B8C2867E1D}.Release|x86.Build.0 = Release|x86
		{2AE517A1-5D2B-4D04-9F91-C6B8C2867E1D}.TestBench|Any CPU.ActiveCfg = TestBench|x86
		{2AE517A1-5D2B-4D04-9F91-C6B8C2867E1D}.TestBench|Mixed Platforms.ActiveCfg = Debug|x86
		{2AE517A1-5D2B-4D04-9F91-C6B8C2867E1D}.TestBench|Mixed Platforms.Build.0 = Debug|x86
		{2AE517A1-5D2B-4D04-9F91-C6B8C2867E1D}.TestBench|Win32.ActiveCfg = TestBench|x86
		{2AE517A1-5D2B-4D04-9F91-C6B8C2867E1D}.TestBench|x86.ActiveCfg = TestBench|x86
		{2AE517A1-5D2B-4D04-9F91-C6B8C2867E1D}.TestBench|x86.Build.0 = TestBench|x86
		{70573F0B-3D2E-43ED-8D57-248F9C968101}.Debug|Any CPU.ActiveCfg = Debug|Any CPU
		{70573F0B-3D2E-43ED-8D57-248F9C968101}.Debug|Any CPU.Build.0 = Debug|Any CPU
		{70573F0B-3D2E-43ED-8D57-248F9C968101}.Debug|Mixed Platforms.ActiveCfg = Debug|Any CPU
		{70573F0B-3D2E-43ED-8D57-248F9C968101}.Debug|Mixed Platforms.Build.0 = Debug|Any CPU
		{70573F0B-3D2E-43ED-8D57-248F9C968101}.Debug|Win32.ActiveCfg = Debug|Any CPU
		{70573F0B-3D2E-43ED-8D57-248F9C968101}.Debug|x86.ActiveCfg = Debug|Any CPU
		{70573F0B-3D2E-43ED-8D57-248F9C968101}.Release|Any CPU.ActiveCfg = Release|Any CPU
		{70573F0B-3D2E-43ED-8D57-248F9C968101}.Release|Any CPU.Build.0 = Release|Any CPU
		{70573F0B-3D2E-43ED-8D57-248F9C968101}.Release|Mixed Platforms.ActiveCfg = Release|Any CPU
		{70573F0B-3D2E-43ED-8D57-248F9C968101}.Release|Mixed Platforms.Build.0 = Release|Any CPU
		{70573F0B-3D2E-43ED-8D57-248F9C968101}.Release|Win32.ActiveCfg = Release|Any CPU
		{70573F0B-3D2E-43ED-8D57-248F9C968101}.Release|x86.ActiveCfg = Release|Any CPU
		{70573F0B-3D2E-43ED-8D57-248F9C968101}.TestBench|Any CPU.ActiveCfg = TestBench|Any CPU
		{70573F0B-3D2E-43ED-8D57-248F9C968101}.TestBench|Any CPU.Build.0 = TestBench|Any CPU
		{70573F0B-3D2E-43ED-8D57-248F9C968101}.TestBench|Mixed Platforms.ActiveCfg = Debug|Any CPU
		{70573F0B-3D2E-43ED-8D57-248F9C968101}.TestBench|Mixed Platforms.Build.0 = Debug|Any CPU
		{70573F0B-3D2E-43ED-8D57-248F9C968101}.TestBench|Win32.ActiveCfg = TestBench|Any CPU
		{70573F0B-3D2E-43ED-8D57-248F9C968101}.TestBench|x86.ActiveCfg = TestBench|Any CPU
		{3653DC44-E03A-4598-9865-279C2A5042CE}.Debug|Any CPU.ActiveCfg = Debug|Any CPU
		{3653DC44-E03A-4598-9865-279C2A5042CE}.Debug|Any CPU.Build.0 = Debug|Any CPU
		{3653DC44-E03A-4598-9865-279C2A5042CE}.Debug|Mixed Platforms.ActiveCfg = Debug|Any CPU
		{3653DC44-E03A-4598-9865-279C2A5042CE}.Debug|Mixed Platforms.Build.0 = Debug|Any CPU
		{3653DC44-E03A-4598-9865-279C2A5042CE}.Debug|Win32.ActiveCfg = Debug|Any CPU
		{3653DC44-E03A-4598-9865-279C2A5042CE}.Debug|x86.ActiveCfg = Debug|Any CPU
		{3653DC44-E03A-4598-9865-279C2A5042CE}.Release|Any CPU.ActiveCfg = Release|Any CPU
		{3653DC44-E03A-4598-9865-279C2A5042CE}.Release|Any CPU.Build.0 = Release|Any CPU
		{3653DC44-E03A-4598-9865-279C2A5042CE}.Release|Mixed Platforms.ActiveCfg = Release|Any CPU
		{3653DC44-E03A-4598-9865-279C2A5042CE}.Release|Mixed Platforms.Build.0 = Release|Any CPU
		{3653DC44-E03A-4598-9865-279C2A5042CE}.Release|Win32.ActiveCfg = Release|Any CPU
		{3653DC44-E03A-4598-9865-279C2A5042CE}.Release|x86.ActiveCfg = Release|Any CPU
		{3653DC44-E03A-4598-9865-279C2A5042CE}.TestBench|Any CPU.ActiveCfg = TestBench|Any CPU
		{3653DC44-E03A-4598-9865-279C2A5042CE}.TestBench|Any CPU.Build.0 = TestBench|Any CPU
		{3653DC44-E03A-4598-9865-279C2A5042CE}.TestBench|Mixed Platforms.ActiveCfg = Debug|Any CPU
		{3653DC44-E03A-4598-9865-279C2A5042CE}.TestBench|Mixed Platforms.Build.0 = Debug|Any CPU
		{3653DC44-E03A-4598-9865-279C2A5042CE}.TestBench|Win32.ActiveCfg = TestBench|Any CPU
		{3653DC44-E03A-4598-9865-279C2A5042CE}.TestBench|x86.ActiveCfg = TestBench|Any CPU
		{452F5EA7-AB03-4BA6-BE33-924132271B1E}.Debug|Any CPU.ActiveCfg = Debug|Win32
		{452F5EA7-AB03-4BA6-BE33-924132271B1E}.Debug|Mixed Platforms.ActiveCfg = Debug|Win32
		{452F5EA7-AB03-4BA6-BE33-924132271B1E}.Debug|Mixed Platforms.Build.0 = Debug|Win32
		{452F5EA7-AB03-4BA6-BE33-924132271B1E}.Debug|Win32.ActiveCfg = Debug|Win32
		{452F5EA7-AB03-4BA6-BE33-924132271B1E}.Debug|Win32.Build.0 = Debug|Win32
		{452F5EA7-AB03-4BA6-BE33-924132271B1E}.Debug|x86.ActiveCfg = Debug|Win32
		{452F5EA7-AB03-4BA6-BE33-924132271B1E}.Release|Any CPU.ActiveCfg = Release|Win32
		{452F5EA7-AB03-4BA6-BE33-924132271B1E}.Release|Mixed Platforms.ActiveCfg = Release|Win32
		{452F5EA7-AB03-4BA6-BE33-924132271B1E}.Release|Mixed Platforms.Build.0 = Release|Win32
		{452F5EA7-AB03-4BA6-BE33-924132271B1E}.Release|Win32.ActiveCfg = Release|Win32
		{452F5EA7-AB03-4BA6-BE33-924132271B1E}.Release|Win32.Build.0 = Release|Win32
		{452F5EA7-AB03-4BA6-BE33-924132271B1E}.Release|x86.ActiveCfg = Release|Win32
		{452F5EA7-AB03-4BA6-BE33-924132271B1E}.TestBench|Any CPU.ActiveCfg = TestBench|Win32
		{452F5EA7-AB03-4BA6-BE33-924132271B1E}.TestBench|Mixed Platforms.ActiveCfg = TestBench|Win32
		{452F5EA7-AB03-4BA6-BE33-924132271B1E}.TestBench|Mixed Platforms.Build.0 = TestBench|Win32
		{452F5EA7-AB03-4BA6-BE33-924132271B1E}.TestBench|Win32.ActiveCfg = TestBench|Win32
		{452F5EA7-AB03-4BA6-BE33-924132271B1E}.TestBench|Win32.Build.0 = TestBench|Win32
		{452F5EA7-AB03-4BA6-BE33-924132271B1E}.TestBench|x86.ActiveCfg = TestBench|Win32
		{A86BF8AB-DAD7-41B4-B6DA-289C3A497803}.Debug|Any CPU.ActiveCfg = Debug|Any CPU
		{A86BF8AB-DAD7-41B4-B6DA-289C3A497803}.Debug|Any CPU.Build.0 = Debug|Any CPU
		{A86BF8AB-DAD7-41B4-B6DA-289C3A497803}.Debug|Mixed Platforms.ActiveCfg = Debug|Any CPU
		{A86BF8AB-DAD7-41B4-B6DA-289C3A497803}.Debug|Mixed Platforms.Build.0 = Debug|Any CPU
		{A86BF8AB-DAD7-41B4-B6DA-289C3A497803}.Debug|Win32.ActiveCfg = Debug|Any CPU
		{A86BF8AB-DAD7-41B4-B6DA-289C3A497803}.Debug|x86.ActiveCfg = Debug|Any CPU
		{A86BF8AB-DAD7-41B4-B6DA-289C3A497803}.Release|Any CPU.ActiveCfg = Release|Any CPU
		{A86BF8AB-DAD7-41B4-B6DA-289C3A497803}.Release|Any CPU.Build.0 = Release|Any CPU
		{A86BF8AB-DAD7-41B4-B6DA-289C3A497803}.Release|Mixed Platforms.ActiveCfg = Release|Any CPU
		{A86BF8AB-DAD7-41B4-B6DA-289C3A497803}.Release|Mixed Platforms.Build.0 = Release|Any CPU
		{A86BF8AB-DAD7-41B4-B6DA-289C3A497803}.Release|Win32.ActiveCfg = Release|Any CPU
		{A86BF8AB-DAD7-41B4-B6DA-289C3A497803}.Release|x86.ActiveCfg = Release|Any CPU
		{A86BF8AB-DAD7-41B4-B6DA-289C3A497803}.TestBench|Any CPU.ActiveCfg = TestBench|Any CPU
		{A86BF8AB-DAD7-41B4-B6DA-289C3A497803}.TestBench|Any CPU.Build.0 = TestBench|Any CPU
		{A86BF8AB-DAD7-41B4-B6DA-289C3A497803}.TestBench|Mixed Platforms.ActiveCfg = Debug|Any CPU
		{A86BF8AB-DAD7-41B4-B6DA-289C3A497803}.TestBench|Mixed Platforms.Build.0 = Debug|Any CPU
		{A86BF8AB-DAD7-41B4-B6DA-289C3A497803}.TestBench|Win32.ActiveCfg = TestBench|Any CPU
		{A86BF8AB-DAD7-41B4-B6DA-289C3A497803}.TestBench|x86.ActiveCfg = TestBench|Any CPU
		{0E85B67A-6821-4661-8120-277AACA34487}.Debug|Any CPU.ActiveCfg = Debug|Win32
		{0E85B67A-6821-4661-8120-277AACA34487}.Debug|Mixed Platforms.ActiveCfg = Debug|Win32
		{0E85B67A-6821-4661-8120-277AACA34487}.Debug|Mixed Platforms.Build.0 = Debug|Win32
		{0E85B67A-6821-4661-8120-277AACA34487}.Debug|Win32.ActiveCfg = Debug|Win32
		{0E85B67A-6821-4661-8120-277AACA34487}.Debug|Win32.Build.0 = Debug|Win32
		{0E85B67A-6821-4661-8120-277AACA34487}.Debug|x86.ActiveCfg = Debug|Win32
		{0E85B67A-6821-4661-8120-277AACA34487}.Release|Any CPU.ActiveCfg = Release|Win32
		{0E85B67A-6821-4661-8120-277AACA34487}.Release|Mixed Platforms.ActiveCfg = Release|Win32
		{0E85B67A-6821-4661-8120-277AACA34487}.Release|Mixed Platforms.Build.0 = Release|Win32
		{0E85B67A-6821-4661-8120-277AACA34487}.Release|Win32.ActiveCfg = Release|Win32
		{0E85B67A-6821-4661-8120-277AACA34487}.Release|Win32.Build.0 = Release|Win32
		{0E85B67A-6821-4661-8120-277AACA34487}.Release|x86.ActiveCfg = Release|Win32
		{0E85B67A-6821-4661-8120-277AACA34487}.TestBench|Any CPU.ActiveCfg = Release|Win32
		{0E85B67A-6821-4661-8120-277AACA34487}.TestBench|Mixed Platforms.ActiveCfg = Release|Win32
		{0E85B67A-6821-4661-8120-277AACA34487}.TestBench|Mixed Platforms.Build.0 = Release|Win32
		{0E85B67A-6821-4661-8120-277AACA34487}.TestBench|Win32.ActiveCfg = Release|Win32
		{0E85B67A-6821-4661-8120-277AACA34487}.TestBench|Win32.Build.0 = Release|Win32
		{0E85B67A-6821-4661-8120-277AACA34487}.TestBench|x86.ActiveCfg = Release|Win32
		{E6053A38-A4DB-4D14-8075-490B1B1813FE}.Debug|Any CPU.ActiveCfg = Debug|Win32
		{E6053A38-A4DB-4D14-8075-490B1B1813FE}.Debug|Mixed Platforms.ActiveCfg = Debug|Win32
		{E6053A38-A4DB-4D14-8075-490B1B1813FE}.Debug|Mixed Platforms.Build.0 = Debug|Win32
		{E6053A38-A4DB-4D14-8075-490B1B1813FE}.Debug|Win32.ActiveCfg = Debug|Win32
		{E6053A38-A4DB-4D14-8075-490B1B1813FE}.Debug|Win32.Build.0 = Debug|Win32
		{E6053A38-A4DB-4D14-8075-490B1B1813FE}.Debug|x86.ActiveCfg = Debug|Win32
		{E6053A38-A4DB-4D14-8075-490B1B1813FE}.Release|Any CPU.ActiveCfg = Release|Win32
		{E6053A38-A4DB-4D14-8075-490B1B1813FE}.Release|Mixed Platforms.ActiveCfg = Release|Win32
		{E6053A38-A4DB-4D14-8075-490B1B1813FE}.Release|Mixed Platforms.Build.0 = Release|Win32
		{E6053A38-A4DB-4D14-8075-490B1B1813FE}.Release|Win32.ActiveCfg = Release|Win32
		{E6053A38-A4DB-4D14-8075-490B1B1813FE}.Release|Win32.Build.0 = Release|Win32
		{E6053A38-A4DB-4D14-8075-490B1B1813FE}.Release|x86.ActiveCfg = Release|Win32
		{E6053A38-A4DB-4D14-8075-490B1B1813FE}.TestBench|Any CPU.ActiveCfg = Release|Win32
		{E6053A38-A4DB-4D14-8075-490B1B1813FE}.TestBench|Mixed Platforms.ActiveCfg = Release|Win32
		{E6053A38-A4DB-4D14-8075-490B1B1813FE}.TestBench|Mixed Platforms.Build.0 = Release|Win32
		{E6053A38-A4DB-4D14-8075-490B1B1813FE}.TestBench|Win32.ActiveCfg = Release|Win32
		{E6053A38-A4DB-4D14-8075-490B1B1813FE}.TestBench|Win32.Build.0 = Release|Win32
		{E6053A38-A4DB-4D14-8075-490B1B1813FE}.TestBench|x86.ActiveCfg = Release|Win32
		{E7F8EC5F-C965-4C8D-8D56-C945F7D49E58}.Debug|Any CPU.ActiveCfg = Debug|Win32
		{E7F8EC5F-C965-4C8D-8D56-C945F7D49E58}.Debug|Mixed Platforms.ActiveCfg = Debug|Win32
		{E7F8EC5F-C965-4C8D-8D56-C945F7D49E58}.Debug|Mixed Platforms.Build.0 = Debug|Win32
		{E7F8EC5F-C965-4C8D-8D56-C945F7D49E58}.Debug|Win32.ActiveCfg = Debug|Win32
		{E7F8EC5F-C965-4C8D-8D56-C945F7D49E58}.Debug|Win32.Build.0 = Debug|Win32
		{E7F8EC5F-C965-4C8D-8D56-C945F7D49E58}.Debug|x86.ActiveCfg = Debug|Win32
		{E7F8EC5F-C965-4C8D-8D56-C945F7D49E58}.Release|Any CPU.ActiveCfg = Release|Win32
		{E7F8EC5F-C965-4C8D-8D56-C945F7D49E58}.Release|Mixed Platforms.ActiveCfg = Release|Win32
		{E7F8EC5F-C965-4C8D-8D56-C945F7D49E58}.Release|Mixed Platforms.Build.0 = Release|Win32
		{E7F8EC5F-C965-4C8D-8D56-C945F7D49E58}.Release|Win32.ActiveCfg = Release|Win32
		{E7F8EC5F-C965-4C8D-8D56-C945F7D49E58}.Release|Win32.Build.0 = Release|Win32
		{E7F8EC5F-C965-4C8D-8D56-C945F7D49E58}.Release|x86.ActiveCfg = Release|Win32
		{E7F8EC5F-C965-4C8D-8D56-C945F7D49E58}.TestBench|Any CPU.ActiveCfg = Release|Win32
		{E7F8EC5F-C965-4C8D-8D56-C945F7D49E58}.TestBench|Mixed Platforms.ActiveCfg = Release|Win32
		{E7F8EC5F-C965-4C8D-8D56-C945F7D49E58}.TestBench|Mixed Platforms.Build.0 = Release|Win32
		{E7F8EC5F-C965-4C8D-8D56-C945F7D49E58}.TestBench|Win32.ActiveCfg = Release|Win32
		{E7F8EC5F-C965-4C8D-8D56-C945F7D49E58}.TestBench|Win32.Build.0 = Release|Win32
		{E7F8EC5F-C965-4C8D-8D56-C945F7D49E58}.TestBench|x86.ActiveCfg = Release|Win32
		{3DE7D485-61C6-4ED4-8749-858B810F7DDD}.Debug|Any CPU.ActiveCfg = Debug|Win32
		{3DE7D485-61C6-4ED4-8749-858B810F7DDD}.Debug|Mixed Platforms.ActiveCfg = Debug|Win32
		{3DE7D485-61C6-4ED4-8749-858B810F7DDD}.Debug|Mixed Platforms.Build.0 = Debug|Win32
		{3DE7D485-61C6-4ED4-8749-858B810F7DDD}.Debug|Win32.ActiveCfg = Debug|Win32
		{3DE7D485-61C6-4ED4-8749-858B810F7DDD}.Debug|Win32.Build.0 = Debug|Win32
		{3DE7D485-61C6-4ED4-8749-858B810F7DDD}.Debug|x86.ActiveCfg = Debug|Win32
		{3DE7D485-61C6-4ED4-8749-858B810F7DDD}.Release|Any CPU.ActiveCfg = Release|Win32
		{3DE7D485-61C6-4ED4-8749-858B810F7DDD}.Release|Mixed Platforms.ActiveCfg = Release|Win32
		{3DE7D485-61C6-4ED4-8749-858B810F7DDD}.Release|Mixed Platforms.Build.0 = Release|Win32
		{3DE7D485-61C6-4ED4-8749-858B810F7DDD}.Release|Win32.ActiveCfg = Release|Win32
		{3DE7D485-61C6-4ED4-8749-858B810F7DDD}.Release|Win32.Build.0 = Release|Win32
		{3DE7D485-61C6-4ED4-8749-858B810F7DDD}.Release|x86.ActiveCfg = Release|Win32
		{3DE7D485-61C6-4ED4-8749-858B810F7DDD}.TestBench|Any CPU.ActiveCfg = Release|Win32
		{3DE7D485-61C6-4ED4-8749-858B810F7DDD}.TestBench|Mixed Platforms.ActiveCfg = Release|Win32
		{3DE7D485-61C6-4ED4-8749-858B810F7DDD}.TestBench|Mixed Platforms.Build.0 = Release|Win32
		{3DE7D485-61C6-4ED4-8749-858B810F7DDD}.TestBench|Win32.ActiveCfg = Release|Win32
		{3DE7D485-61C6-4ED4-8749-858B810F7DDD}.TestBench|Win32.Build.0 = Release|Win32
		{3DE7D485-61C6-4ED4-8749-858B810F7DDD}.TestBench|x86.ActiveCfg = Release|Win32
		{D5F77C19-E9C4-4AE1-A972-BF20770328EB}.Debug|Any CPU.ActiveCfg = Debug|x86
		{D5F77C19-E9C4-4AE1-A972-BF20770328EB}.Debug|Mixed Platforms.ActiveCfg = Debug|x86
		{D5F77C19-E9C4-4AE1-A972-BF20770328EB}.Debug|Mixed Platforms.Build.0 = Debug|x86
		{D5F77C19-E9C4-4AE1-A972-BF20770328EB}.Debug|Win32.ActiveCfg = Debug|x86
		{D5F77C19-E9C4-4AE1-A972-BF20770328EB}.Debug|x86.ActiveCfg = Debug|x86
		{D5F77C19-E9C4-4AE1-A972-BF20770328EB}.Debug|x86.Build.0 = Debug|x86
		{D5F77C19-E9C4-4AE1-A972-BF20770328EB}.Release|Any CPU.ActiveCfg = Release|x86
		{D5F77C19-E9C4-4AE1-A972-BF20770328EB}.Release|Mixed Platforms.ActiveCfg = Release|x86
		{D5F77C19-E9C4-4AE1-A972-BF20770328EB}.Release|Mixed Platforms.Build.0 = Release|x86
		{D5F77C19-E9C4-4AE1-A972-BF20770328EB}.Release|Win32.ActiveCfg = Release|x86
		{D5F77C19-E9C4-4AE1-A972-BF20770328EB}.Release|x86.ActiveCfg = Release|x86
		{D5F77C19-E9C4-4AE1-A972-BF20770328EB}.Release|x86.Build.0 = Release|x86
		{D5F77C19-E9C4-4AE1-A972-BF20770328EB}.TestBench|Any CPU.ActiveCfg = Release|x86
		{D5F77C19-E9C4-4AE1-A972-BF20770328EB}.TestBench|Mixed Platforms.ActiveCfg = Release|x86
		{D5F77C19-E9C4-4AE1-A972-BF20770328EB}.TestBench|Mixed Platforms.Build.0 = Release|x86
		{D5F77C19-E9C4-4AE1-A972-BF20770328EB}.TestBench|Win32.ActiveCfg = Release|x86
		{D5F77C19-E9C4-4AE1-A972-BF20770328EB}.TestBench|x86.ActiveCfg = Release|x86
		{D5F77C19-E9C4-4AE1-A972-BF20770328EB}.TestBench|x86.Build.0 = Release|x86
		{67533B04-9C21-477E-A080-6CB71E4DD721}.Debug|Any CPU.ActiveCfg = Debug|Win32
		{67533B04-9C21-477E-A080-6CB71E4DD721}.Debug|Mixed Platforms.ActiveCfg = Debug|Win32
		{67533B04-9C21-477E-A080-6CB71E4DD721}.Debug|Mixed Platforms.Build.0 = Debug|Win32
		{67533B04-9C21-477E-A080-6CB71E4DD721}.Debug|Win32.ActiveCfg = Debug|Win32
		{67533B04-9C21-477E-A080-6CB71E4DD721}.Debug|Win32.Build.0 = Debug|Win32
		{67533B04-9C21-477E-A080-6CB71E4DD721}.Debug|x86.ActiveCfg = Debug|Win32
		{67533B04-9C21-477E-A080-6CB71E4DD721}.Release|Any CPU.ActiveCfg = Release|Win32
		{67533B04-9C21-477E-A080-6CB71E4DD721}.Release|Mixed Platforms.ActiveCfg = Release|Win32
		{67533B04-9C21-477E-A080-6CB71E4DD721}.Release|Mixed Platforms.Build.0 = Release|Win32
		{67533B04-9C21-477E-A080-6CB71E4DD721}.Release|Win32.ActiveCfg = Release|Win32
		{67533B04-9C21-477E-A080-6CB71E4DD721}.Release|Win32.Build.0 = Release|Win32
		{67533B04-9C21-477E-A080-6CB71E4DD721}.Release|x86.ActiveCfg = Release|Win32
		{67533B04-9C21-477E-A080-6CB71E4DD721}.TestBench|Any CPU.ActiveCfg = Release|Win32
		{67533B04-9C21-477E-A080-6CB71E4DD721}.TestBench|Mixed Platforms.ActiveCfg = Release|Win32
		{67533B04-9C21-477E-A080-6CB71E4DD721}.TestBench|Mixed Platforms.Build.0 = Release|Win32
		{67533B04-9C21-477E-A080-6CB71E4DD721}.TestBench|Win32.ActiveCfg = Release|Win32
		{67533B04-9C21-477E-A080-6CB71E4DD721}.TestBench|Win32.Build.0 = Release|Win32
		{67533B04-9C21-477E-A080-6CB71E4DD721}.TestBench|x86.ActiveCfg = Release|Win32
		{2ABE6A5C-4B8A-4F57-AC3F-9DADC4B18B2B}.Debug|Any CPU.ActiveCfg = Debug|Win32
		{2ABE6A5C-4B8A-4F57-AC3F-9DADC4B18B2B}.Debug|Mixed Platforms.ActiveCfg = Debug|Win32
		{2ABE6A5C-4B8A-4F57-AC3F-9DADC4B18B2B}.Debug|Mixed Platforms.Build.0 = Debug|Win32
		{2ABE6A5C-4B8A-4F57-AC3F-9DADC4B18B2B}.Debug|Win32.ActiveCfg = Debug|Win32
		{2ABE6A5C-4B8A-4F57-AC3F-9DADC4B18B2B}.Debug|Win32.Build.0 = Debug|Win32
		{2ABE6A5C-4B8A-4F57-AC3F-9DADC4B18B2B}.Debug|x86.ActiveCfg = Debug|Win32
		{2ABE6A5C-4B8A-4F57-AC3F-9DADC4B18B2B}.Release|Any CPU.ActiveCfg = Release|Win32
		{2ABE6A5C-4B8A-4F57-AC3F-9DADC4B18B2B}.Release|Mixed Platforms.ActiveCfg = Release|Win32
		{2ABE6A5C-4B8A-4F57-AC3F-9DADC4B18B2B}.Release|Mixed Platforms.Build.0 = Release|Win32
		{2ABE6A5C-4B8A-4F57-AC3F-9DADC4B18B2B}.Release|Win32.ActiveCfg = Release|Win32
		{2ABE6A5C-4B8A-4F57-AC3F-9DADC4B18B2B}.Release|Win32.Build.0 = Release|Win32
		{2ABE6A5C-4B8A-4F57-AC3F-9DADC4B18B2B}.Release|x86.ActiveCfg = Release|Win32
		{2ABE6A5C-4B8A-4F57-AC3F-9DADC4B18B2B}.TestBench|Any CPU.ActiveCfg = Release|Win32
		{2ABE6A5C-4B8A-4F57-AC3F-9DADC4B18B2B}.TestBench|Mixed Platforms.ActiveCfg = Release|Win32
		{2ABE6A5C-4B8A-4F57-AC3F-9DADC4B18B2B}.TestBench|Mixed Platforms.Build.0 = Release|Win32
		{2ABE6A5C-4B8A-4F57-AC3F-9DADC4B18B2B}.TestBench|Win32.ActiveCfg = Release|Win32
		{2ABE6A5C-4B8A-4F57-AC3F-9DADC4B18B2B}.TestBench|Win32.Build.0 = Release|Win32
		{2ABE6A5C-4B8A-4F57-AC3F-9DADC4B18B2B}.TestBench|x86.ActiveCfg = Release|Win32
		{75EED251-B3D9-42EB-B07D-8A2E240D5CB1}.Debug|Any CPU.ActiveCfg = Debug|Win32
		{75EED251-B3D9-42EB-B07D-8A2E240D5CB1}.Debug|Mixed Platforms.ActiveCfg = Debug|Win32
		{75EED251-B3D9-42EB-B07D-8A2E240D5CB1}.Debug|Mixed Platforms.Build.0 = Debug|Win32
		{75EED251-B3D9-42EB-B07D-8A2E240D5CB1}.Debug|Win32.ActiveCfg = Debug|Win32
		{75EED251-B3D9-42EB-B07D-8A2E240D5CB1}.Debug|Win32.Build.0 = Debug|Win32
		{75EED251-B3D9-42EB-B07D-8A2E240D5CB1}.Debug|x86.ActiveCfg = Debug|Win32
		{75EED251-B3D9-42EB-B07D-8A2E240D5CB1}.Release|Any CPU.ActiveCfg = Release|Win32
		{75EED251-B3D9-42EB-B07D-8A2E240D5CB1}.Release|Mixed Platforms.ActiveCfg = Release|Win32
		{75EED251-B3D9-42EB-B07D-8A2E240D5CB1}.Release|Mixed Platforms.Build.0 = Release|Win32
		{75EED251-B3D9-42EB-B07D-8A2E240D5CB1}.Release|Win32.ActiveCfg = Release|Win32
		{75EED251-B3D9-42EB-B07D-8A2E240D5CB1}.Release|Win32.Build.0 = Release|Win32
		{75EED251-B3D9-42EB-B07D-8A2E240D5CB1}.Release|x86.ActiveCfg = Release|Win32
		{75EED251-B3D9-42EB-B07D-8A2E240D5CB1}.TestBench|Any CPU.ActiveCfg = Release|Win32
		{75EED251-B3D9-42EB-B07D-8A2E240D5CB1}.TestBench|Mixed Platforms.ActiveCfg = Release|Win32
		{75EED251-B3D9-42EB-B07D-8A2E240D5CB1}.TestBench|Mixed Platforms.Build.0 = Release|Win32
		{75EED251-B3D9-42EB-B07D-8A2E240D5CB1}.TestBench|Win32.ActiveCfg = Release|Win32
		{75EED251-B3D9-42EB-B07D-8A2E240D5CB1}.TestBench|Win32.Build.0 = Release|Win32
		{75EED251-B3D9-42EB-B07D-8A2E240D5CB1}.TestBench|x86.ActiveCfg = Release|Win32
	EndGlobalSection
	GlobalSection(SolutionProperties) = preSolution
		HideSolutionNode = FALSE
	EndGlobalSection
	GlobalSection(NestedProjects) = preSolution
		{E7F8EC5F-C965-4C8D-8D56-C945F7D49E58} = {F080245A-9809-436C-BFBE-07D8E6AA555D}
		{3DE7D485-61C6-4ED4-8749-858B810F7DDD} = {F080245A-9809-436C-BFBE-07D8E6AA555D}
		{67533B04-9C21-477E-A080-6CB71E4DD721} = {F080245A-9809-436C-BFBE-07D8E6AA555D}
		{2ABE6A5C-4B8A-4F57-AC3F-9DADC4B18B2B} = {F080245A-9809-436C-BFBE-07D8E6AA555D}
		{75EED251-B3D9-42EB-B07D-8A2E240D5CB1} = {F080245A-9809-436C-BFBE-07D8E6AA555D}
	EndGlobalSection
EndGlobal
